
Microsoft Visual Studio Solution File, Format Version 12.00
# Visual Studio Version 17
VisualStudioVersion = 17.14.37027.9 d17.14
MinimumVisualStudioVersion = 10.0.40219.1
Project("{FAE04EC0-301F-11D3-BF4B-00C04F79EFBC}") = "CafeteriaWeb", "CafeteriaWeb.csproj", "{C0BF1517-7F1A-403F-850F-6FBD6E277D4F}"
EndProject
Global
	GlobalSection(SolutionConfigurationPlatforms) = preSolution
		Debug|Any CPU = Debug|Any CPU
		Release|Any CPU = Release|Any CPU
	EndGlobalSection
	GlobalSection(ProjectConfigurationPlatforms) = postSolution
		{C0BF1517-7F1A-403F-850F-6FBD6E277D4F}.Debug|Any CPU.ActiveCfg = Debug|Any CPU
		{C0BF1517-7F1A-403F-850F-6FBD6E277D4F}.Debug|Any CPU.Build.0 = Debug|Any CPU
		{C0BF1517-7F1A-403F-850F-6FBD6E277D4F}.Release|Any CPU.ActiveCfg = Release|Any CPU
		{C0BF1517-7F1A-403F-850F-6FBD6E277D4F}.Release|Any CPU.Build.0 = Release|Any CPU
	EndGlobalSection
	GlobalSection(SolutionProperties) = preSolution
		HideSolutionNode = FALSE
	EndGlobalSection
	GlobalSection(ExtensibilityGlobals) = postSolution
		SolutionGuid = {11ED4702-CE32-422E-9771-E7E0C1BFC1B7}
	EndGlobalSection
EndGlobal
